// !$*UTF8*$!
{
	archiveVersion = 1;
	classes = {
	};
	objectVersion = 50;
	objects = {

/* Begin PBXBuildFile section */
		CE0ED71D255E970A00F8B878 /* DetailRouter.swift in Sources */ = {isa = PBXBuildFile; fileRef = CE0ED71C255E970A00F8B878 /* DetailRouter.swift */; };
		CE0ED720255E972400F8B878 /* DetailInteractor.swift in Sources */ = {isa = PBXBuildFile; fileRef = CE0ED71F255E972400F8B878 /* DetailInteractor.swift */; };
		CE0ED726255E973500F8B878 /* DetailPresenter.swift in Sources */ = {isa = PBXBuildFile; fileRef = CE0ED725255E973500F8B878 /* DetailPresenter.swift */; };
		CE0ED72E255EAA2B00F8B878 /* ImagesModel.swift in Sources */ = {isa = PBXBuildFile; fileRef = CE0ED72D255EAA2B00F8B878 /* ImagesModel.swift */; };
		CE1B010225550E3600D0CA8E /* DataModel.swift in Sources */ = {isa = PBXBuildFile; fileRef = CE1B010125550E3600D0CA8E /* DataModel.swift */; };
		CE36DC132552718B00F62B67 /* AppDelegate.swift in Sources */ = {isa = PBXBuildFile; fileRef = CE36DC122552718B00F62B67 /* AppDelegate.swift */; };
		CE36DC152552718B00F62B67 /* SceneDelegate.swift in Sources */ = {isa = PBXBuildFile; fileRef = CE36DC142552718B00F62B67 /* SceneDelegate.swift */; };
		CE36DC172552718B00F62B67 /* DetailViewController.swift in Sources */ = {isa = PBXBuildFile; fileRef = CE36DC162552718B00F62B67 /* DetailViewController.swift */; };
		CE36DC1C2552718D00F62B67 /* Assets.xcassets in Resources */ = {isa = PBXBuildFile; fileRef = CE36DC1B2552718D00F62B67 /* Assets.xcassets */; };
		CE36DC1F2552718D00F62B67 /* LaunchScreen.storyboard in Resources */ = {isa = PBXBuildFile; fileRef = CE36DC1D2552718D00F62B67 /* LaunchScreen.storyboard */; };
		CE36DC3625527E2A00F62B67 /* MasterViewController.swift in Sources */ = {isa = PBXBuildFile; fileRef = CE36DC3525527E2A00F62B67 /* MasterViewController.swift */; };
		CE36DC3B2552871E00F62B67 /* DeviceTraitStatus.swift in Sources */ = {isa = PBXBuildFile; fileRef = CE36DC3A2552871E00F62B67 /* DeviceTraitStatus.swift */; };
		CE36DC4D2552A60500F62B67 /* CustomTableViewCell.swift in Sources */ = {isa = PBXBuildFile; fileRef = CE36DC4C2552A60400F62B67 /* CustomTableViewCell.swift */; };
		CE7F98B42560DCE000CF7518 /* MasterView.swift in Sources */ = {isa = PBXBuildFile; fileRef = CE7F98B32560DCE000CF7518 /* MasterView.swift */; };
		CE7F98BA2560E5B300CF7518 /* UIViewExtension.swift in Sources */ = {isa = PBXBuildFile; fileRef = CE7F98B92560E5B300CF7518 /* UIViewExtension.swift */; };
		CE7F98BE2560E78600CF7518 /* CustomTableViewDataSource.swift in Sources */ = {isa = PBXBuildFile; fileRef = CE7F98BD2560E78600CF7518 /* CustomTableViewDataSource.swift */; };
		CE7F98C22560E7A200CF7518 /* CustomTableViewDelegate.swift in Sources */ = {isa = PBXBuildFile; fileRef = CE7F98C12560E7A200CF7518 /* CustomTableViewDelegate.swift */; };
		CE7F98C52560E7CA00CF7518 /* MasterViewControllerDelegate.swift in Sources */ = {isa = PBXBuildFile; fileRef = CE7F98C42560E7CA00CF7518 /* MasterViewControllerDelegate.swift */; };
		CE7F98C82560E7D500CF7518 /* TableViewCellTappedDelegate.swift in Sources */ = {isa = PBXBuildFile; fileRef = CE7F98C72560E7D500CF7518 /* TableViewCellTappedDelegate.swift */; };
		CE7F98CC2560E97A00CF7518 /* DetailView.swift in Sources */ = {isa = PBXBuildFile; fileRef = CE7F98CB2560E97A00CF7518 /* DetailView.swift */; };
		CE87A2B22570AD3500139797 /* SplitAssembly.swift in Sources */ = {isa = PBXBuildFile; fileRef = CE87A2B12570AD3500139797 /* SplitAssembly.swift */; };
		CE888D1C256F7D0A00BF511B /* MasterAssembly.swift in Sources */ = {isa = PBXBuildFile; fileRef = CE888D1B256F7D0900BF511B /* MasterAssembly.swift */; };
		CE888D1F256F7F7F00BF511B /* DetailAssembly.swift in Sources */ = {isa = PBXBuildFile; fileRef = CE888D1E256F7F7F00BF511B /* DetailAssembly.swift */; };
		CEE662F2255E68CB00A51F7F /* dataModel.json in Resources */ = {isa = PBXBuildFile; fileRef = CEE662F1255E68CB00A51F7F /* dataModel.json */; };
		CEE662F7255E731C00A51F7F /* MasterPresenter.swift in Sources */ = {isa = PBXBuildFile; fileRef = CEE662F6255E731C00A51F7F /* MasterPresenter.swift */; };
		CEE662FB255E732D00A51F7F /* MasterInteractor.swift in Sources */ = {isa = PBXBuildFile; fileRef = CEE662FA255E732D00A51F7F /* MasterInteractor.swift */; };
		CEE662FE255E733400A51F7F /* MasterRouter.swift in Sources */ = {isa = PBXBuildFile; fileRef = CEE662FD255E733400A51F7F /* MasterRouter.swift */; };
/* End PBXBuildFile section */

/* Begin PBXFileReference section */
		CE0ED71C255E970A00F8B878 /* DetailRouter.swift */ = {isa = PBXFileReference; lastKnownFileType = sourcecode.swift; path = DetailRouter.swift; sourceTree = "<group>"; };
		CE0ED71F255E972400F8B878 /* DetailInteractor.swift */ = {isa = PBXFileReference; lastKnownFileType = sourcecode.swift; path = DetailInteractor.swift; sourceTree = "<group>"; };
		CE0ED725255E973500F8B878 /* DetailPresenter.swift */ = {isa = PBXFileReference; lastKnownFileType = sourcecode.swift; path = DetailPresenter.swift; sourceTree = "<group>"; };
		CE0ED72D255EAA2B00F8B878 /* ImagesModel.swift */ = {isa = PBXFileReference; lastKnownFileType = sourcecode.swift; path = ImagesModel.swift; sourceTree = "<group>"; };
		CE1B010125550E3600D0CA8E /* DataModel.swift */ = {isa = PBXFileReference; lastKnownFileType = sourcecode.swift; path = DataModel.swift; sourceTree = "<group>"; };
		CE36DC0F2552718B00F62B67 /* Homework_№5_VIPER.app */ = {isa = PBXFileReference; explicitFileType = wrapper.application; includeInIndex = 0; path = "Homework_№5_VIPER.app"; sourceTree = BUILT_PRODUCTS_DIR; };
		CE36DC122552718B00F62B67 /* AppDelegate.swift */ = {isa = PBXFileReference; lastKnownFileType = sourcecode.swift; path = AppDelegate.swift; sourceTree = "<group>"; };
		CE36DC142552718B00F62B67 /* SceneDelegate.swift */ = {isa = PBXFileReference; lastKnownFileType = sourcecode.swift; path = SceneDelegate.swift; sourceTree = "<group>"; };
		CE36DC162552718B00F62B67 /* DetailViewController.swift */ = {isa = PBXFileReference; lastKnownFileType = sourcecode.swift; path = DetailViewController.swift; sourceTree = "<group>"; };
		CE36DC1B2552718D00F62B67 /* Assets.xcassets */ = {isa = PBXFileReference; lastKnownFileType = folder.assetcatalog; path = Assets.xcassets; sourceTree = "<group>"; };
		CE36DC1E2552718D00F62B67 /* Base */ = {isa = PBXFileReference; lastKnownFileType = file.storyboard; name = Base; path = Base.lproj/LaunchScreen.storyboard; sourceTree = "<group>"; };
		CE36DC202552718D00F62B67 /* Info.plist */ = {isa = PBXFileReference; lastKnownFileType = text.plist.xml; path = Info.plist; sourceTree = "<group>"; };
		CE36DC3525527E2A00F62B67 /* MasterViewController.swift */ = {isa = PBXFileReference; lastKnownFileType = sourcecode.swift; path = MasterViewController.swift; sourceTree = "<group>"; };
		CE36DC3A2552871E00F62B67 /* DeviceTraitStatus.swift */ = {isa = PBXFileReference; lastKnownFileType = sourcecode.swift; path = DeviceTraitStatus.swift; sourceTree = "<group>"; };
		CE36DC4C2552A60400F62B67 /* CustomTableViewCell.swift */ = {isa = PBXFileReference; lastKnownFileType = sourcecode.swift; path = CustomTableViewCell.swift; sourceTree = "<group>"; };
		CE7F98B32560DCE000CF7518 /* MasterView.swift */ = {isa = PBXFileReference; lastKnownFileType = sourcecode.swift; path = MasterView.swift; sourceTree = "<group>"; };
		CE7F98B92560E5B300CF7518 /* UIViewExtension.swift */ = {isa = PBXFileReference; lastKnownFileType = sourcecode.swift; path = UIViewExtension.swift; sourceTree = "<group>"; };
		CE7F98BD2560E78600CF7518 /* CustomTableViewDataSource.swift */ = {isa = PBXFileReference; lastKnownFileType = sourcecode.swift; path = CustomTableViewDataSource.swift; sourceTree = "<group>"; };
		CE7F98C12560E7A200CF7518 /* CustomTableViewDelegate.swift */ = {isa = PBXFileReference; lastKnownFileType = sourcecode.swift; path = CustomTableViewDelegate.swift; sourceTree = "<group>"; };
		CE7F98C42560E7CA00CF7518 /* MasterViewControllerDelegate.swift */ = {isa = PBXFileReference; lastKnownFileType = sourcecode.swift; path = MasterViewControllerDelegate.swift; sourceTree = "<group>"; };
		CE7F98C72560E7D500CF7518 /* TableViewCellTappedDelegate.swift */ = {isa = PBXFileReference; lastKnownFileType = sourcecode.swift; path = TableViewCellTappedDelegate.swift; sourceTree = "<group>"; };
		CE7F98CB2560E97A00CF7518 /* DetailView.swift */ = {isa = PBXFileReference; lastKnownFileType = sourcecode.swift; path = DetailView.swift; sourceTree = "<group>"; };
		CE87A2B12570AD3500139797 /* SplitAssembly.swift */ = {isa = PBXFileReference; lastKnownFileType = sourcecode.swift; path = SplitAssembly.swift; sourceTree = "<group>"; };
		CE888D1B256F7D0900BF511B /* MasterAssembly.swift */ = {isa = PBXFileReference; lastKnownFileType = sourcecode.swift; path = MasterAssembly.swift; sourceTree = "<group>"; };
		CE888D1E256F7F7F00BF511B /* DetailAssembly.swift */ = {isa = PBXFileReference; lastKnownFileType = sourcecode.swift; path = DetailAssembly.swift; sourceTree = "<group>"; };
		CEE662F1255E68CB00A51F7F /* dataModel.json */ = {isa = PBXFileReference; fileEncoding = 4; lastKnownFileType = text.json; path = dataModel.json; sourceTree = "<group>"; };
		CEE662F6255E731C00A51F7F /* MasterPresenter.swift */ = {isa = PBXFileReference; lastKnownFileType = sourcecode.swift; path = MasterPresenter.swift; sourceTree = "<group>"; };
		CEE662FA255E732D00A51F7F /* MasterInteractor.swift */ = {isa = PBXFileReference; lastKnownFileType = sourcecode.swift; path = MasterInteractor.swift; sourceTree = "<group>"; };
		CEE662FD255E733400A51F7F /* MasterRouter.swift */ = {isa = PBXFileReference; lastKnownFileType = sourcecode.swift; path = MasterRouter.swift; sourceTree = "<group>"; };
/* End PBXFileReference section */

/* Begin PBXFrameworksBuildPhase section */
		CE36DC0C2552718B00F62B67 /* Frameworks */ = {
			isa = PBXFrameworksBuildPhase;
			buildActionMask = 2147483647;
			files = (
			);
			runOnlyForDeploymentPostprocessing = 0;
		};
/* End PBXFrameworksBuildPhase section */

/* Begin PBXGroup section */
		CE0ED736255EB94600F8B878 /* App */ = {
			isa = PBXGroup;
			children = (
				CE36DC122552718B00F62B67 /* AppDelegate.swift */,
				CE36DC142552718B00F62B67 /* SceneDelegate.swift */,
			);
			path = App;
			sourceTree = "<group>";
		};
		CE36DC062552718B00F62B67 = {
			isa = PBXGroup;
			children = (
				CE36DC112552718B00F62B67 /* Homework_№4 */,
				CE36DC102552718B00F62B67 /* Products */,
			);
			sourceTree = "<group>";
		};
		CE36DC102552718B00F62B67 /* Products */ = {
			isa = PBXGroup;
			children = (
				CE36DC0F2552718B00F62B67 /* Homework_№5_VIPER.app */,
			);
			name = Products;
			sourceTree = "<group>";
		};
		CE36DC112552718B00F62B67 /* Homework_№4 */ = {
			isa = PBXGroup;
			children = (
				CE87A2B02570AD1900139797 /* Assembly */,
				CE0ED736255EB94600F8B878 /* App */,
				CEFBF232255E66CF00319E69 /* Master */,
				CEFBF233255E66DC00319E69 /* Detail */,
				CEFBF235255E66EC00319E69 /* Entities */,
				CE36DC3D255289ED00F62B67 /* Services */,
				CE7F98BC2560E77E00CF7518 /* Model */,
				CE36DC1B2552718D00F62B67 /* Assets.xcassets */,
				CE36DC1D2552718D00F62B67 /* LaunchScreen.storyboard */,
				CE36DC202552718D00F62B67 /* Info.plist */,
			);
			path = "Homework_№4";
			sourceTree = "<group>";
		};
		CE36DC3D255289ED00F62B67 /* Services */ = {
			isa = PBXGroup;
			children = (
				CE36DC3A2552871E00F62B67 /* DeviceTraitStatus.swift */,
				CE7F98B92560E5B300CF7518 /* UIViewExtension.swift */,
			);
			path = Services;
			sourceTree = "<group>";
		};
		CE7F98B62560DCE300CF7518 /* Views */ = {
			isa = PBXGroup;
			children = (
				CE36DC4C2552A60400F62B67 /* CustomTableViewCell.swift */,
				CE7F98B32560DCE000CF7518 /* MasterView.swift */,
			);
			path = Views;
			sourceTree = "<group>";
		};
		CE7F98BC2560E77E00CF7518 /* Model */ = {
			isa = PBXGroup;
			children = (
				CE7F98BD2560E78600CF7518 /* CustomTableViewDataSource.swift */,
				CE7F98C12560E7A200CF7518 /* CustomTableViewDelegate.swift */,
				CE7F98C42560E7CA00CF7518 /* MasterViewControllerDelegate.swift */,
				CE7F98C72560E7D500CF7518 /* TableViewCellTappedDelegate.swift */,
			);
			path = Model;
			sourceTree = "<group>";
		};
		CE7F98CE2560E98400CF7518 /* Views */ = {
			isa = PBXGroup;
			children = (
				CE7F98CB2560E97A00CF7518 /* DetailView.swift */,
			);
			path = Views;
			sourceTree = "<group>";
		};
		CE87A2B02570AD1900139797 /* Assembly */ = {
			isa = PBXGroup;
			children = (
				CE888D1B256F7D0900BF511B /* MasterAssembly.swift */,
				CE888D1E256F7F7F00BF511B /* DetailAssembly.swift */,
				CE87A2B12570AD3500139797 /* SplitAssembly.swift */,
			);
			path = Assembly;
			sourceTree = "<group>";
		};
		CEFBF232255E66CF00319E69 /* Master */ = {
			isa = PBXGroup;
			children = (
				CE7F98B62560DCE300CF7518 /* Views */,
				CE36DC3525527E2A00F62B67 /* MasterViewController.swift */,
				CEE662F6255E731C00A51F7F /* MasterPresenter.swift */,
				CEE662FA255E732D00A51F7F /* MasterInteractor.swift */,
				CEE662FD255E733400A51F7F /* MasterRouter.swift */,
			);
			path = Master;
			sourceTree = "<group>";
		};
		CEFBF233255E66DC00319E69 /* Detail */ = {
			isa = PBXGroup;
			children = (
				CE7F98CE2560E98400CF7518 /* Views */,
				CE36DC162552718B00F62B67 /* DetailViewController.swift */,
				CE0ED725255E973500F8B878 /* DetailPresenter.swift */,
				CE0ED71F255E972400F8B878 /* DetailInteractor.swift */,
				CE0ED71C255E970A00F8B878 /* DetailRouter.swift */,
			);
			path = Detail;
			sourceTree = "<group>";
		};
		CEFBF235255E66EC00319E69 /* Entities */ = {
			isa = PBXGroup;
			children = (
				CEE662F1255E68CB00A51F7F /* dataModel.json */,
				CE1B010125550E3600D0CA8E /* DataModel.swift */,
				CE0ED72D255EAA2B00F8B878 /* ImagesModel.swift */,
			);
			path = Entities;
			sourceTree = "<group>";
		};
/* End PBXGroup section */

/* Begin PBXNativeTarget section */
		CE36DC0E2552718B00F62B67 /* Homework_№5_VIPER */ = {
			isa = PBXNativeTarget;
			buildConfigurationList = CE36DC232552718D00F62B67 /* Build configuration list for PBXNativeTarget "Homework_№5_VIPER" */;
			buildPhases = (
				CE36DC0B2552718B00F62B67 /* Sources */,
				CE36DC0C2552718B00F62B67 /* Frameworks */,
				CE36DC0D2552718B00F62B67 /* Resources */,
			);
			buildRules = (
			);
			dependencies = (
			);
			name = "Homework_№5_VIPER";
			productName = "Homework_№4";
			productReference = CE36DC0F2552718B00F62B67 /* Homework_№5_VIPER.app */;
			productType = "com.apple.product-type.application";
		};
/* End PBXNativeTarget section */

/* Begin PBXProject section */
		CE36DC072552718B00F62B67 /* Project object */ = {
			isa = PBXProject;
			attributes = {
				LastSwiftUpdateCheck = 1200;
				LastUpgradeCheck = 1200;
				TargetAttributes = {
					CE36DC0E2552718B00F62B67 = {
						CreatedOnToolsVersion = 12.0.1;
					};
				};
			};
			buildConfigurationList = CE36DC0A2552718B00F62B67 /* Build configuration list for PBXProject "Homework_№5_VIPER" */;
			compatibilityVersion = "Xcode 9.3";
			developmentRegion = en;
			hasScannedForEncodings = 0;
			knownRegions = (
				en,
				Base,
			);
			mainGroup = CE36DC062552718B00F62B67;
			productRefGroup = CE36DC102552718B00F62B67 /* Products */;
			projectDirPath = "";
			projectRoot = "";
			targets = (
				CE36DC0E2552718B00F62B67 /* Homework_№5_VIPER */,
			);
		};
/* End PBXProject section */

/* Begin PBXResourcesBuildPhase section */
		CE36DC0D2552718B00F62B67 /* Resources */ = {
			isa = PBXResourcesBuildPhase;
			buildActionMask = 2147483647;
			files = (
				CEE662F2255E68CB00A51F7F /* dataModel.json in Resources */,
				CE36DC1F2552718D00F62B67 /* LaunchScreen.storyboard in Resources */,
				CE36DC1C2552718D00F62B67 /* Assets.xcassets in Resources */,
			);
			runOnlyForDeploymentPostprocessing = 0;
		};
/* End PBXResourcesBuildPhase section */

/* Begin PBXSourcesBuildPhase section */
		CE36DC0B2552718B00F62B67 /* Sources */ = {
			isa = PBXSourcesBuildPhase;
			buildActionMask = 2147483647;
			files = (
				CEE662FE255E733400A51F7F /* MasterRouter.swift in Sources */,
				CE7F98C22560E7A200CF7518 /* CustomTableViewDelegate.swift in Sources */,
				CE36DC3625527E2A00F62B67 /* MasterViewController.swift in Sources */,
				CE7F98B42560DCE000CF7518 /* MasterView.swift in Sources */,
				CE7F98C82560E7D500CF7518 /* TableViewCellTappedDelegate.swift in Sources */,
				CE0ED726255E973500F8B878 /* DetailPresenter.swift in Sources */,
				CE7F98C52560E7CA00CF7518 /* MasterViewControllerDelegate.swift in Sources */,
				CE0ED720255E972400F8B878 /* DetailInteractor.swift in Sources */,
				CE7F98BA2560E5B300CF7518 /* UIViewExtension.swift in Sources */,
				CE888D1F256F7F7F00BF511B /* DetailAssembly.swift in Sources */,
				CE87A2B22570AD3500139797 /* SplitAssembly.swift in Sources */,
				CE36DC3B2552871E00F62B67 /* DeviceTraitStatus.swift in Sources */,
				CE7F98BE2560E78600CF7518 /* CustomTableViewDataSource.swift in Sources */,
				CE36DC4D2552A60500F62B67 /* CustomTableViewCell.swift in Sources */,
				CE0ED72E255EAA2B00F8B878 /* ImagesModel.swift in Sources */,
				CEE662FB255E732D00A51F7F /* MasterInteractor.swift in Sources */,
				CE36DC172552718B00F62B67 /* DetailViewController.swift in Sources */,
				CE7F98CC2560E97A00CF7518 /* DetailView.swift in Sources */,
				CE888D1C256F7D0A00BF511B /* MasterAssembly.swift in Sources */,
				CE1B010225550E3600D0CA8E /* DataModel.swift in Sources */,
				CE36DC132552718B00F62B67 /* AppDelegate.swift in Sources */,
				CE0ED71D255E970A00F8B878 /* DetailRouter.swift in Sources */,
				CEE662F7255E731C00A51F7F /* MasterPresenter.swift in Sources */,
				CE36DC152552718B00F62B67 /* SceneDelegate.swift in Sources */,
			);
			runOnlyForDeploymentPostprocessing = 0;
		};
/* End PBXSourcesBuildPhase section */

/* Begin PBXVariantGroup section */
		CE36DC1D2552718D00F62B67 /* LaunchScreen.storyboard */ = {
			isa = PBXVariantGroup;
			children = (
				CE36DC1E2552718D00F62B67 /* Base */,
			);
			name = LaunchScreen.storyboard;
			sourceTree = "<group>";
		};
/* End PBXVariantGroup section */

/* Begin XCBuildConfiguration section */
		CE36DC212552718D00F62B67 /* Debug */ = {
			isa = XCBuildConfiguration;
			buildSettings = {
				ALWAYS_SEARCH_USER_PATHS = NO;
				CLANG_ANALYZER_NONNULL = YES;
				CLANG_ANALYZER_NUMBER_OBJECT_CONVERSION = YES_AGGRESSIVE;
				CLANG_CXX_LANGUAGE_STANDARD = "gnu++14";
				CLANG_CXX_LIBRARY = "libc++";
				CLANG_ENABLE_MODULES = YES;
				CLANG_ENABLE_OBJC_ARC = YES;
				CLANG_ENABLE_OBJC_WEAK = YES;
				CLANG_WARN_BLOCK_CAPTURE_AUTORELEASING = YES;
				CLANG_WARN_BOOL_CONVERSION = YES;
				CLANG_WARN_COMMA = YES;
				CLANG_WARN_CONSTANT_CONVERSION = YES;
				CLANG_WARN_DEPRECATED_OBJC_IMPLEMENTATIONS = YES;
				CLANG_WARN_DIRECT_OBJC_ISA_USAGE = YES_ERROR;
				CLANG_WARN_DOCUMENTATION_COMMENTS = YES;
				CLANG_WARN_EMPTY_BODY = YES;
				CLANG_WARN_ENUM_CONVERSION = YES;
				CLANG_WARN_INFINITE_RECURSION = YES;
				CLANG_WARN_INT_CONVERSION = YES;
				CLANG_WARN_NON_LITERAL_NULL_CONVERSION = YES;
				CLANG_WARN_OBJC_IMPLICIT_RETAIN_SELF = YES;
				CLANG_WARN_OBJC_LITERAL_CONVERSION = YES;
				CLANG_WARN_OBJC_ROOT_CLASS = YES_ERROR;
				CLANG_WARN_QUOTED_INCLUDE_IN_FRAMEWORK_HEADER = YES;
				CLANG_WARN_RANGE_LOOP_ANALYSIS = YES;
				CLANG_WARN_STRICT_PROTOTYPES = YES;
				CLANG_WARN_SUSPICIOUS_MOVE = YES;
				CLANG_WARN_UNGUARDED_AVAILABILITY = YES_AGGRESSIVE;
				CLANG_WARN_UNREACHABLE_CODE = YES;
				CLANG_WARN__DUPLICATE_METHOD_MATCH = YES;
				COPY_PHASE_STRIP = NO;
				DEBUG_INFORMATION_FORMAT = dwarf;
				ENABLE_STRICT_OBJC_MSGSEND = YES;
				ENABLE_TESTABILITY = YES;
				GCC_C_LANGUAGE_STANDARD = gnu11;
				GCC_DYNAMIC_NO_PIC = NO;
				GCC_NO_COMMON_BLOCKS = YES;
				GCC_OPTIMIZATION_LEVEL = 0;
				GCC_PREPROCESSOR_DEFINITIONS = (
					"DEBUG=1",
					"$(inherited)",
				);
				GCC_WARN_64_TO_32_BIT_CONVERSION = YES;
				GCC_WARN_ABOUT_RETURN_TYPE = YES_ERROR;
				GCC_WARN_UNDECLARED_SELECTOR = YES;
				GCC_WARN_UNINITIALIZED_AUTOS = YES_AGGRESSIVE;
				GCC_WARN_UNUSED_FUNCTION = YES;
				GCC_WARN_UNUSED_VARIABLE = YES;
				IPHONEOS_DEPLOYMENT_TARGET = 14.0;
				MTL_ENABLE_DEBUG_INFO = INCLUDE_SOURCE;
				MTL_FAST_MATH = YES;
				ONLY_ACTIVE_ARCH = YES;
				SDKROOT = iphoneos;
				SWIFT_ACTIVE_COMPILATION_CONDITIONS = DEBUG;
				SWIFT_OPTIMIZATION_LEVEL = "-Onone";
			};
			name = Debug;
		};
		CE36DC222552718D00F62B67 /* Release */ = {
			isa = XCBuildConfiguration;
			buildSettings = {
				ALWAYS_SEARCH_USER_PATHS = NO;
				CLANG_ANALYZER_NONNULL = YES;
				CLANG_ANALYZER_NUMBER_OBJECT_CONVERSION = YES_AGGRESSIVE;
				CLANG_CXX_LANGUAGE_STANDARD = "gnu++14";
				CLANG_CXX_LIBRARY = "libc++";
				CLANG_ENABLE_MODULES = YES;
				CLANG_ENABLE_OBJC_ARC = YES;
				CLANG_ENABLE_OBJC_WEAK = YES;
				CLANG_WARN_BLOCK_CAPTURE_AUTORELEASING = YES;
				CLANG_WARN_BOOL_CONVERSION = YES;
				CLANG_WARN_COMMA = YES;
				CLANG_WARN_CONSTANT_CONVERSION = YES;
				CLANG_WARN_DEPRECATED_OBJC_IMPLEMENTATIONS = YES;
				CLANG_WARN_DIRECT_OBJC_ISA_USAGE = YES_ERROR;
				CLANG_WARN_DOCUMENTATION_COMMENTS = YES;
				CLANG_WARN_EMPTY_BODY = YES;
				CLANG_WARN_ENUM_CONVERSION = YES;
				CLANG_WARN_INFINITE_RECURSION = YES;
				CLANG_WARN_INT_CONVERSION = YES;
				CLANG_WARN_NON_LITERAL_NULL_CONVERSION = YES;
				CLANG_WARN_OBJC_IMPLICIT_RETAIN_SELF = YES;
				CLANG_WARN_OBJC_LITERAL_CONVERSION = YES;
				CLANG_WARN_OBJC_ROOT_CLASS = YES_ERROR;
				CLANG_WARN_QUOTED_INCLUDE_IN_FRAMEWORK_HEADER = YES;
				CLANG_WARN_RANGE_LOOP_ANALYSIS = YES;
				CLANG_WARN_STRICT_PROTOTYPES = YES;
				CLANG_WARN_SUSPICIOUS_MOVE = YES;
				CLANG_WARN_UNGUARDED_AVAILABILITY = YES_AGGRESSIVE;
				CLANG_WARN_UNREACHABLE_CODE = YES;
				CLANG_WARN__DUPLICATE_METHOD_MATCH = YES;
				COPY_PHASE_STRIP = NO;
				DEBUG_INFORMATION_FORMAT = "dwarf-with-dsym";
				ENABLE_NS_ASSERTIONS = NO;
				ENABLE_STRICT_OBJC_MSGSEND = YES;
				GCC_C_LANGUAGE_STANDARD = gnu11;
				GCC_NO_COMMON_BLOCKS = YES;
				GCC_WARN_64_TO_32_BIT_CONVERSION = YES;
				GCC_WARN_ABOUT_RETURN_TYPE = YES_ERROR;
				GCC_WARN_UNDECLARED_SELECTOR = YES;
				GCC_WARN_UNINITIALIZED_AUTOS = YES_AGGRESSIVE;
				GCC_WARN_UNUSED_FUNCTION = YES;
				GCC_WARN_UNUSED_VARIABLE = YES;
				IPHONEOS_DEPLOYMENT_TARGET = 14.0;
				MTL_ENABLE_DEBUG_INFO = NO;
				MTL_FAST_MATH = YES;
				SDKROOT = iphoneos;
				SWIFT_COMPILATION_MODE = wholemodule;
				SWIFT_OPTIMIZATION_LEVEL = "-O";
				VALIDATE_PRODUCT = YES;
			};
			name = Release;
		};
		CE36DC242552718D00F62B67 /* Debug */ = {
			isa = XCBuildConfiguration;
			buildSettings = {
				ASSETCATALOG_COMPILER_APPICON_NAME = AppIcon;
				ASSETCATALOG_COMPILER_GLOBAL_ACCENT_COLOR_NAME = AccentColor;
				CODE_SIGN_STYLE = Automatic;
				DEVELOPMENT_TEAM = DB9UTG3H5X;
				INFOPLIST_FILE = "Homework_№4/Info.plist";
				IPHONEOS_DEPLOYMENT_TARGET = 14.0;
				LD_RUNPATH_SEARCH_PATHS = (
					"$(inherited)",
					"@executable_path/Frameworks",
				);
				PRODUCT_BUNDLE_IDENTIFIER = "com.Lumko.Homework--4";
				PRODUCT_NAME = "$(TARGET_NAME)";
				SWIFT_VERSION = 5.0;
				TARGETED_DEVICE_FAMILY = "1,2";
			};
			name = Debug;
		};
		CE36DC252552718D00F62B67 /* Release */ = {
			isa = XCBuildConfiguration;
			buildSettings = {
				ASSETCATALOG_COMPILER_APPICON_NAME = AppIcon;
				ASSETCATALOG_COMPILER_GLOBAL_ACCENT_COLOR_NAME = AccentColor;
				CODE_SIGN_STYLE = Automatic;
				DEVELOPMENT_TEAM = DB9UTG3H5X;
				INFOPLIST_FILE = "Homework_№4/Info.plist";
				IPHONEOS_DEPLOYMENT_TARGET = 14.0;
				LD_RUNPATH_SEARCH_PATHS = (
					"$(inherited)",
					"@executable_path/Frameworks",
				);
				PRODUCT_BUNDLE_IDENTIFIER = "com.Lumko.Homework--4";
				PRODUCT_NAME = "$(TARGET_NAME)";
				SWIFT_VERSION = 5.0;
				TARGETED_DEVICE_FAMILY = "1,2";
			};
			name = Release;
		};
/* End XCBuildConfiguration section */

/* Begin XCConfigurationList section */
		CE36DC0A2552718B00F62B67 /* Build configuration list for PBXProject "Homework_№5_VIPER" */ = {
			isa = XCConfigurationList;
			buildConfigurations = (
				CE36DC212552718D00F62B67 /* Debug */,
				CE36DC222552718D00F62B67 /* Release */,
			);
			defaultConfigurationIsVisible = 0;
			defaultConfigurationName = Release;
		};
		CE36DC232552718D00F62B67 /* Build configuration list for PBXNativeTarget "Homework_№5_VIPER" */ = {
			isa = XCConfigurationList;
			buildConfigurations = (
				CE36DC242552718D00F62B67 /* Debug */,
				CE36DC252552718D00F62B67 /* Release */,
			);
			defaultConfigurationIsVisible = 0;
			defaultConfigurationName = Release;
		};
/* End XCConfigurationList section */
	};
	rootObject = CE36DC072552718B00F62B67 /* Project object */;
}
